{
    "name": "tsos",
    "requires": true,
    "lockfileVersion": 1,
    "dependencies": {
        "@babel/standalone": {
            "version": "7.7.4",
            "resolved": "https://registry.npmjs.org/@babel/standalone/-/standalone-7.7.4.tgz",
            "integrity": "sha512-7erMqY9K0uOsWERAJrKzOkG5BezlZw8s1Yez40PUJrf8XXPTebv/fO7555+5Hmo1kBiDQlf9FOkV6wc7wRQ19A=="
        }
    }
}
